
Microsoft Visual Studio Solution File, Format Version 12.00
# Visual Studio Version 16
VisualStudioVersion = 16.0.31005.135
MinimumVisualStudioVersion = 10.0.40219.1
Project("{9A19103F-16F7-4668-BE54-9A1E7A4F7556}") = "minesweeper", "minesweeper\minesweeper.csproj", "{8D5B4E3E-E5FF-4A85-9264-33AB9EEC64ED}"
EndProject
Project("{9A19103F-16F7-4668-BE54-9A1E7A4F7556}") = "minesweeperTest", "minesweeperTest\minesweeperTest.csproj", "{E8BAC6F4-74EC-4E0D-8ACE-7A5CCE44B0FA}"
EndProject
Project("{9A19103F-16F7-4668-BE54-9A1E7A4F7556}") = "minesweeperGUI", "minesweeperGUI\minesweeperGUI.csproj", "{9A84E6D7-D099-494C-A55E-20BC6F8ED3A5}"
EndProject
Global
	GlobalSection(SolutionConfigurationPlatforms) = preSolution
		Debug|Any CPU = Debug|Any CPU
		Debug|ARM = Debug|ARM
		Debug|ARM64 = Debug|ARM64
		Debug|x64 = Debug|x64
		Debug|x86 = Debug|x86
		Release|Any CPU = Release|Any CPU
		Release|ARM = Release|ARM
		Release|ARM64 = Release|ARM64
		Release|x64 = Release|x64
		Release|x86 = Release|x86
	EndGlobalSection
	GlobalSection(ProjectConfigurationPlatforms) = postSolution
		{8D5B4E3E-E5FF-4A85-9264-33AB9EEC64ED}.Debug|Any CPU.ActiveCfg = Debug|Any CPU
		{8D5B4E3E-E5FF-4A85-9264-33AB9EEC64ED}.Debug|Any CPU.Build.0 = Debug|Any CPU
		{8D5B4E3E-E5FF-4A85-9264-33AB9EEC64ED}.Debug|ARM.ActiveCfg = Debug|Any CPU
		{8D5B4E3E-E5FF-4A85-9264-33AB9EEC64ED}.Debug|ARM.Build.0 = Debug|Any CPU
		{8D5B4E3E-E5FF-4A85-9264-33AB9EEC64ED}.Debug|ARM64.ActiveCfg = Debug|Any CPU
		{8D5B4E3E-E5FF-4A85-9264-33AB9EEC64ED}.Debug|ARM64.Build.0 = Debug|Any CPU
		{8D5B4E3E-E5FF-4A85-9264-33AB9EEC64ED}.Debug|x64.ActiveCfg = Debug|Any CPU
		{8D5B4E3E-E5FF-4A85-9264-33AB9EEC64ED}.Debug|x64.Build.0 = Debug|Any CPU
		{8D5B4E3E-E5FF-4A85-9264-33AB9EEC64ED}.Debug|x86.ActiveCfg = Debug|Any CPU
		{8D5B4E3E-E5FF-4A85-9264-33AB9EEC64ED}.Debug|x86.Build.0 = Debug|Any CPU
		{8D5B4E3E-E5FF-4A85-9264-33AB9EEC64ED}.Release|Any CPU.ActiveCfg = Release|Any CPU
		{8D5B4E3E-E5FF-4A85-9264-33AB9EEC64ED}.Release|Any CPU.Build.0 = Release|Any CPU
		{8D5B4E3E-E5FF-4A85-9264-33AB9EEC64ED}.Release|ARM.ActiveCfg = Release|Any CPU
		{8D5B4E3E-E5FF-4A85-9264-33AB9EEC64ED}.Release|ARM.Build.0 = Release|Any CPU
		{8D5B4E3E-E5FF-4A85-9264-33AB9EEC64ED}.Release|ARM64.ActiveCfg = Release|Any CPU
		{8D5B4E3E-E5FF-4A85-9264-33AB9EEC64ED}.Release|ARM64.Build.0 = Release|Any CPU
		{8D5B4E3E-E5FF-4A85-9264-33AB9EEC64ED}.Release|x64.ActiveCfg = Release|Any CPU
		{8D5B4E3E-E5FF-4A85-9264-33AB9EEC64ED}.Release|x64.Build.0 = Release|Any CPU
		{8D5B4E3E-E5FF-4A85-9264-33AB9EEC64ED}.Release|x86.ActiveCfg = Release|Any CPU
		{8D5B4E3E-E5FF-4A85-9264-33AB9EEC64ED}.Release|x86.Build.0 = Release|Any CPU
		{E8BAC6F4-74EC-4E0D-8ACE-7A5CCE44B0FA}.Debug|Any CPU.ActiveCfg = Debug|Any CPU
		{E8BAC6F4-74EC-4E0D-8ACE-7A5CCE44B0FA}.Debug|Any CPU.Build.0 = Debug|Any CPU
		{E8BAC6F4-74EC-4E0D-8ACE-7A5CCE44B0FA}.Debug|ARM.ActiveCfg = Debug|Any CPU
		{E8BAC6F4-74EC-4E0D-8ACE-7A5CCE44B0FA}.Debug|ARM.Build.0 = Debug|Any CPU
		{E8BAC6F4-74EC-4E0D-8ACE-7A5CCE44B0FA}.Debug|ARM64.ActiveCfg = Debug|Any CPU
		{E8BAC6F4-74EC-4E0D-8ACE-7A5CCE44B0FA}.Debug|ARM64.Build.0 = Debug|Any CPU
		{E8BAC6F4-74EC-4E0D-8ACE-7A5CCE44B0FA}.Debug|x64.ActiveCfg = Debug|Any CPU
		{E8BAC6F4-74EC-4E0D-8ACE-7A5CCE44B0FA}.Debug|x64.Build.0 = Debug|Any CPU
		{E8BAC6F4-74EC-4E0D-8ACE-7A5CCE44B0FA}.Debug|x86.ActiveCfg = Debug|Any CPU
		{E8BAC6F4-74EC-4E0D-8ACE-7A5CCE44B0FA}.Debug|x86.Build.0 = Debug|Any CPU
		{E8BAC6F4-74EC-4E0D-8ACE-7A5CCE44B0FA}.Release|Any CPU.ActiveCfg = Release|Any CPU
		{E8BAC6F4-74EC-4E0D-8ACE-7A5CCE44B0FA}.Release|Any CPU.Build.0 = Release|Any CPU
		{E8BAC6F4-74EC-4E0D-8ACE-7A5CCE44B0FA}.Release|ARM.ActiveCfg = Release|Any CPU
		{E8BAC6F4-74EC-4E0D-8ACE-7A5CCE44B0FA}.Release|ARM.Build.0 = Release|Any CPU
		{E8BAC6F4-74EC-4E0D-8ACE-7A5CCE44B0FA}.Release|ARM64.ActiveCfg = Release|Any CPU
		{E8BAC6F4-74EC-4E0D-8ACE-7A5CCE44B0FA}.Release|ARM64.Build.0 = Release|Any CPU
		{E8BAC6F4-74EC-4E0D-8ACE-7A5CCE44B0FA}.Release|x64.ActiveCfg = Release|Any CPU
		{E8BAC6F4-74EC-4E0D-8ACE-7A5CCE44B0FA}.Release|x64.Build.0 = Release|Any CPU
		{E8BAC6F4-74EC-4E0D-8ACE-7A5CCE44B0FA}.Release|x86.ActiveCfg = Release|Any CPU
		{E8BAC6F4-74EC-4E0D-8ACE-7A5CCE44B0FA}.Release|x86.Build.0 = Release|Any CPU
		{9A84E6D7-D099-494C-A55E-20BC6F8ED3A5}.Debug|Any CPU.ActiveCfg = Debug|Any CPU
		{9A84E6D7-D099-494C-A55E-20BC6F8ED3A5}.Debug|Any CPU.Build.0 = Debug|Any CPU
		{9A84E6D7-D099-494C-A55E-20BC6F8ED3A5}.Debug|ARM.ActiveCfg = Debug|Any CPU
		{9A84E6D7-D099-494C-A55E-20BC6F8ED3A5}.Debug|ARM.Build.0 = Debug|Any CPU
		{9A84E6D7-D099-494C-A55E-20BC6F8ED3A5}.Debug|ARM64.ActiveCfg = Debug|Any CPU
		{9A84E6D7-D099-494C-A55E-20BC6F8ED3A5}.Debug|ARM64.Build.0 = Debug|Any CPU
		{9A84E6D7-D099-494C-A55E-20BC6F8ED3A5}.Debug|x64.ActiveCfg = Debug|Any CPU
		{9A84E6D7-D099-494C-A55E-20BC6F8ED3A5}.Debug|x64.Build.0 = Debug|Any CPU
		{9A84E6D7-D099-494C-A55E-20BC6F8ED3A5}.Debug|x86.ActiveCfg = Debug|Any CPU
		{9A84E6D7-D099-494C-A55E-20BC6F8ED3A5}.Debug|x86.Build.0 = Debug|Any CPU
		{9A84E6D7-D099-494C-A55E-20BC6F8ED3A5}.Release|Any CPU.ActiveCfg = Release|Any CPU
		{9A84E6D7-D099-494C-A55E-20BC6F8ED3A5}.Release|Any CPU.Build.0 = Release|Any CPU
		{9A84E6D7-D099-494C-A55E-20BC6F8ED3A5}.Release|ARM.ActiveCfg = Release|Any CPU
		{9A84E6D7-D099-494C-A55E-20BC6F8ED3A5}.Release|ARM.Build.0 = Release|Any CPU
		{9A84E6D7-D099-494C-A55E-20BC6F8ED3A5}.Release|ARM64.ActiveCfg = Release|Any CPU
		{9A84E6D7-D099-494C-A55E-20BC6F8ED3A5}.Release|ARM64.Build.0 = Release|Any CPU
		{9A84E6D7-D099-494C-A55E-20BC6F8ED3A5}.Release|x64.ActiveCfg = Release|Any CPU
		{9A84E6D7-D099-494C-A55E-20BC6F8ED3A5}.Release|x64.Build.0 = Release|Any CPU
		{9A84E6D7-D099-494C-A55E-20BC6F8ED3A5}.Release|x86.ActiveCfg = Release|Any CPU
		{9A84E6D7-D099-494C-A55E-20BC6F8ED3A5}.Release|x86.Build.0 = Release|Any CPU
	EndGlobalSection
	GlobalSection(SolutionProperties) = preSolution
		HideSolutionNode = FALSE
	EndGlobalSection
	GlobalSection(ExtensibilityGlobals) = postSolution
		SolutionGuid = {4D9D945C-40E7-4659-B35C-082EDD609C5A}
	EndGlobalSection
EndGlobal
